// !$*UTF8*$!
{
	archiveVersion = 1;
	classes = {
	};
	objectVersion = 46;
	objects = {

/* Begin PBXBuildFile section */
		4F92DFDD8587DD352F935159 /* Pods_VoiceNow.framework in Frameworks */ = {isa = PBXBuildFile; fileRef = 0F0DF525505C35BDB3A42D00 /* Pods_VoiceNow.framework */; };
		82CB5C9F1F3F797A00A45048 /* Info.plist in Resources */ = {isa = PBXBuildFile; fileRef = 82D4C77D1F3F485D00CC9F83 /* Info.plist */; };
		82CB5CA01F3F799800A45048 /* Roboto-Thin.ttf in Resources */ = {isa = PBXBuildFile; fileRef = 82CB5C9C1F3F78E800A45048 /* Roboto-Thin.ttf */; };
		82CB5CA11F3F799B00A45048 /* RobotoCondensed-Light.ttf in Resources */ = {isa = PBXBuildFile; fileRef = 82CB5C9D1F3F78FA00A45048 /* RobotoCondensed-Light.ttf */; };
		82CB5CA41F3F7AC000A45048 /* Blur.swift in Sources */ = {isa = PBXBuildFile; fileRef = 82CB5CA31F3F7AC000A45048 /* Blur.swift */; };
		82CB5CA61F3F824200A45048 /* HideKeyboard.swift in Sources */ = {isa = PBXBuildFile; fileRef = 82CB5CA51F3F824200A45048 /* HideKeyboard.swift */; };
		82CB5CAA1F4364F500A45048 /* VoiceList.swift in Sources */ = {isa = PBXBuildFile; fileRef = 82CB5CA91F4364F500A45048 /* VoiceList.swift */; };
		82CB5CAC1F44751D00A45048 /* VoiceNowTabBarController.swift in Sources */ = {isa = PBXBuildFile; fileRef = 82CB5CAB1F44751D00A45048 /* VoiceNowTabBarController.swift */; };
		82CB5CAE1F44761D00A45048 /* VoiceRecorder.swift in Sources */ = {isa = PBXBuildFile; fileRef = 82CB5CAD1F44761D00A45048 /* VoiceRecorder.swift */; };
		82CB5CB01F44764F00A45048 /* VoiceNowProfile.swift in Sources */ = {isa = PBXBuildFile; fileRef = 82CB5CAF1F44764F00A45048 /* VoiceNowProfile.swift */; };
		82CB5CB61F45BB4600A45048 /* TabBarBlurEffect.swift in Sources */ = {isa = PBXBuildFile; fileRef = 82CB5CB51F45BB4600A45048 /* TabBarBlurEffect.swift */; };
		82CB5CB81F45BB5400A45048 /* NavBarBlurEffect.swift in Sources */ = {isa = PBXBuildFile; fileRef = 82CB5CB71F45BB5400A45048 /* NavBarBlurEffect.swift */; };
		82CB5CBC1F464EE400A45048 /* EditButton.json in Resources */ = {isa = PBXBuildFile; fileRef = 82CB5CBB1F464EE400A45048 /* EditButton.json */; };
		82CB5CBE1F46541400A45048 /* Success.json in Resources */ = {isa = PBXBuildFile; fileRef = 82CB5CBD1F46541400A45048 /* Success.json */; };
		82CB5CC01F46561A00A45048 /* data.json in Resources */ = {isa = PBXBuildFile; fileRef = 82CB5CBF1F46561A00A45048 /* data.json */; };
		82D4C7721F3F485D00CC9F83 /* AppDelegate.swift in Sources */ = {isa = PBXBuildFile; fileRef = 82D4C7711F3F485D00CC9F83 /* AppDelegate.swift */; };
		82D4C7741F3F485D00CC9F83 /* Login.swift in Sources */ = {isa = PBXBuildFile; fileRef = 82D4C7731F3F485D00CC9F83 /* Login.swift */; };
		82D4C7771F3F485D00CC9F83 /* Main.storyboard in Resources */ = {isa = PBXBuildFile; fileRef = 82D4C7751F3F485D00CC9F83 /* Main.storyboard */; };
		82D4C7791F3F485D00CC9F83 /* Assets.xcassets in Resources */ = {isa = PBXBuildFile; fileRef = 82D4C7781F3F485D00CC9F83 /* Assets.xcassets */; };
		82D4C77C1F3F485D00CC9F83 /* LaunchScreen.storyboard in Resources */ = {isa = PBXBuildFile; fileRef = 82D4C77A1F3F485D00CC9F83 /* LaunchScreen.storyboard */; };
		82D4C7871F3F485D00CC9F83 /* VoiceNowTests.swift in Sources */ = {isa = PBXBuildFile; fileRef = 82D4C7861F3F485D00CC9F83 /* VoiceNowTests.swift */; };
		82D4C7921F3F485D00CC9F83 /* VoiceNowUITests.swift in Sources */ = {isa = PBXBuildFile; fileRef = 82D4C7911F3F485D00CC9F83 /* VoiceNowUITests.swift */; };
		82D4C7A01F3F4CCC00CC9F83 /* SetupProfile.swift in Sources */ = {isa = PBXBuildFile; fileRef = 82D4C79F1F3F4CCC00CC9F83 /* SetupProfile.swift */; };
		82D4C7A21F3F4CE600CC9F83 /* CreateAccount.swift in Sources */ = {isa = PBXBuildFile; fileRef = 82D4C7A11F3F4CE600CC9F83 /* CreateAccount.swift */; };
		A9DE2E56DBB31586BB904C19 /* Pods_VoiceNowTests.framework in Frameworks */ = {isa = PBXBuildFile; fileRef = E242E50CFF351A158EF4CBB9 /* Pods_VoiceNowTests.framework */; };
		B46ABBC7CD2BE4CC23B4E80B /* Pods_VoiceNowUITests.framework in Frameworks */ = {isa = PBXBuildFile; fileRef = BDC1F0E46F9AB467BC0A730F /* Pods_VoiceNowUITests.framework */; };
/* End PBXBuildFile section */

/* Begin PBXContainerItemProxy section */
		82D4C7831F3F485D00CC9F83 /* PBXContainerItemProxy */ = {
			isa = PBXContainerItemProxy;
			containerPortal = 82D4C7661F3F485D00CC9F83 /* Project object */;
			proxyType = 1;
			remoteGlobalIDString = 82D4C76D1F3F485D00CC9F83;
			remoteInfo = VoiceNow;
		};
		82D4C78E1F3F485D00CC9F83 /* PBXContainerItemProxy */ = {
			isa = PBXContainerItemProxy;
			containerPortal = 82D4C7661F3F485D00CC9F83 /* Project object */;
			proxyType = 1;
			remoteGlobalIDString = 82D4C76D1F3F485D00CC9F83;
			remoteInfo = VoiceNow;
		};
/* End PBXContainerItemProxy section */

/* Begin PBXFileReference section */
		06776300BDC78117AF7712D5 /* Pods-VoiceNowUITests.debug.xcconfig */ = {isa = PBXFileReference; includeInIndex = 1; lastKnownFileType = text.xcconfig; name = "Pods-VoiceNowUITests.debug.xcconfig"; path = "Pods/Target Support Files/Pods-VoiceNowUITests/Pods-VoiceNowUITests.debug.xcconfig"; sourceTree = "<group>"; };
		0F0DF525505C35BDB3A42D00 /* Pods_VoiceNow.framework */ = {isa = PBXFileReference; explicitFileType = wrapper.framework; includeInIndex = 0; path = Pods_VoiceNow.framework; sourceTree = BUILT_PRODUCTS_DIR; };
		11A78C89A127179D5E595434 /* Pods-VoiceNowUITests.release.xcconfig */ = {isa = PBXFileReference; includeInIndex = 1; lastKnownFileType = text.xcconfig; name = "Pods-VoiceNowUITests.release.xcconfig"; path = "Pods/Target Support Files/Pods-VoiceNowUITests/Pods-VoiceNowUITests.release.xcconfig"; sourceTree = "<group>"; };
		70CA23C4FFD70956A1A6F359 /* Pods-VoiceNow.debug.xcconfig */ = {isa = PBXFileReference; includeInIndex = 1; lastKnownFileType = text.xcconfig; name = "Pods-VoiceNow.debug.xcconfig"; path = "Pods/Target Support Files/Pods-VoiceNow/Pods-VoiceNow.debug.xcconfig"; sourceTree = "<group>"; };
		82CB5C9C1F3F78E800A45048 /* Roboto-Thin.ttf */ = {isa = PBXFileReference; lastKnownFileType = file; name = "Roboto-Thin.ttf"; path = "../../../VoiceNow App Assets/RobotoTTF/Roboto-Thin.ttf"; sourceTree = "<group>"; };
		82CB5C9D1F3F78FA00A45048 /* RobotoCondensed-Light.ttf */ = {isa = PBXFileReference; lastKnownFileType = file; name = "RobotoCondensed-Light.ttf"; path = "../../../VoiceNow App Assets/RobotoTTF/RobotoCondensed-Light.ttf"; sourceTree = "<group>"; };
		82CB5CA31F3F7AC000A45048 /* Blur.swift */ = {isa = PBXFileReference; fileEncoding = 4; lastKnownFileType = sourcecode.swift; path = Blur.swift; sourceTree = "<group>"; };
		82CB5CA51F3F824200A45048 /* HideKeyboard.swift */ = {isa = PBXFileReference; fileEncoding = 4; lastKnownFileType = sourcecode.swift; path = HideKeyboard.swift; sourceTree = "<group>"; };
		82CB5CA91F4364F500A45048 /* VoiceList.swift */ = {isa = PBXFileReference; fileEncoding = 4; lastKnownFileType = sourcecode.swift; path = VoiceList.swift; sourceTree = "<group>"; };
		82CB5CAB1F44751D00A45048 /* VoiceNowTabBarController.swift */ = {isa = PBXFileReference; fileEncoding = 4; lastKnownFileType = sourcecode.swift; path = VoiceNowTabBarController.swift; sourceTree = "<group>"; };
		82CB5CAD1F44761D00A45048 /* VoiceRecorder.swift */ = {isa = PBXFileReference; fileEncoding = 4; lastKnownFileType = sourcecode.swift; path = VoiceRecorder.swift; sourceTree = "<group>"; };
		82CB5CAF1F44764F00A45048 /* VoiceNowProfile.swift */ = {isa = PBXFileReference; fileEncoding = 4; lastKnownFileType = sourcecode.swift; path = VoiceNowProfile.swift; sourceTree = "<group>"; };
		82CB5CB51F45BB4600A45048 /* TabBarBlurEffect.swift */ = {isa = PBXFileReference; fileEncoding = 4; lastKnownFileType = sourcecode.swift; path = TabBarBlurEffect.swift; sourceTree = "<group>"; };
		82CB5CB71F45BB5400A45048 /* NavBarBlurEffect.swift */ = {isa = PBXFileReference; fileEncoding = 4; lastKnownFileType = sourcecode.swift; path = NavBarBlurEffect.swift; sourceTree = "<group>"; };
		82CB5CBB1F464EE400A45048 /* EditButton.json */ = {isa = PBXFileReference; fileEncoding = 4; lastKnownFileType = text.json; name = EditButton.json; path = "../../../VoiceNow App Assets/AE_JSON/EditButton.json"; sourceTree = "<group>"; };
		82CB5CBD1F46541400A45048 /* Success.json */ = {isa = PBXFileReference; fileEncoding = 4; lastKnownFileType = text.json; name = Success.json; path = ../../../../../Downloads/Success.json; sourceTree = "<group>"; };
		82CB5CBF1F46561A00A45048 /* data.json */ = {isa = PBXFileReference; fileEncoding = 4; lastKnownFileType = text.json; name = data.json; path = "../../../../MoonMelon/moonmelon/moon-melon/moon melon/data.json"; sourceTree = "<group>"; };
		82D4C76E1F3F485D00CC9F83 /* VoiceNow.app */ = {isa = PBXFileReference; explicitFileType = wrapper.application; includeInIndex = 0; path = VoiceNow.app; sourceTree = BUILT_PRODUCTS_DIR; };
		82D4C7711F3F485D00CC9F83 /* AppDelegate.swift */ = {isa = PBXFileReference; lastKnownFileType = sourcecode.swift; path = AppDelegate.swift; sourceTree = "<group>"; };
		82D4C7731F3F485D00CC9F83 /* Login.swift */ = {isa = PBXFileReference; lastKnownFileType = sourcecode.swift; path = Login.swift; sourceTree = "<group>"; };
		82D4C7761F3F485D00CC9F83 /* Base */ = {isa = PBXFileReference; lastKnownFileType = file.storyboard; name = Base; path = Base.lproj/Main.storyboard; sourceTree = "<group>"; };
		82D4C7781F3F485D00CC9F83 /* Assets.xcassets */ = {isa = PBXFileReference; lastKnownFileType = folder.assetcatalog; path = Assets.xcassets; sourceTree = "<group>"; };
		82D4C77B1F3F485D00CC9F83 /* Base */ = {isa = PBXFileReference; lastKnownFileType = file.storyboard; name = Base; path = Base.lproj/LaunchScreen.storyboard; sourceTree = "<group>"; };
		82D4C77D1F3F485D00CC9F83 /* Info.plist */ = {isa = PBXFileReference; lastKnownFileType = text.plist.xml; path = Info.plist; sourceTree = "<group>"; };
		82D4C7821F3F485D00CC9F83 /* VoiceNowTests.xctest */ = {isa = PBXFileReference; explicitFileType = wrapper.cfbundle; includeInIndex = 0; path = VoiceNowTests.xctest; sourceTree = BUILT_PRODUCTS_DIR; };
		82D4C7861F3F485D00CC9F83 /* VoiceNowTests.swift */ = {isa = PBXFileReference; lastKnownFileType = sourcecode.swift; path = VoiceNowTests.swift; sourceTree = "<group>"; };
		82D4C7881F3F485D00CC9F83 /* Info.plist */ = {isa = PBXFileReference; lastKnownFileType = text.plist.xml; path = Info.plist; sourceTree = "<group>"; };
		82D4C78D1F3F485D00CC9F83 /* VoiceNowUITests.xctest */ = {isa = PBXFileReference; explicitFileType = wrapper.cfbundle; includeInIndex = 0; path = VoiceNowUITests.xctest; sourceTree = BUILT_PRODUCTS_DIR; };
		82D4C7911F3F485D00CC9F83 /* VoiceNowUITests.swift */ = {isa = PBXFileReference; lastKnownFileType = sourcecode.swift; path = VoiceNowUITests.swift; sourceTree = "<group>"; };
		82D4C7931F3F485D00CC9F83 /* Info.plist */ = {isa = PBXFileReference; lastKnownFileType = text.plist.xml; path = Info.plist; sourceTree = "<group>"; };
		82D4C79F1F3F4CCC00CC9F83 /* SetupProfile.swift */ = {isa = PBXFileReference; fileEncoding = 4; lastKnownFileType = sourcecode.swift; path = SetupProfile.swift; sourceTree = "<group>"; };
		82D4C7A11F3F4CE600CC9F83 /* CreateAccount.swift */ = {isa = PBXFileReference; fileEncoding = 4; lastKnownFileType = sourcecode.swift; path = CreateAccount.swift; sourceTree = "<group>"; };
		89FB1B4937363CF7A51200CF /* Pods-VoiceNow.release.xcconfig */ = {isa = PBXFileReference; includeInIndex = 1; lastKnownFileType = text.xcconfig; name = "Pods-VoiceNow.release.xcconfig"; path = "Pods/Target Support Files/Pods-VoiceNow/Pods-VoiceNow.release.xcconfig"; sourceTree = "<group>"; };
		BAC23F3F93696E9F84E92871 /* Pods-VoiceNowTests.release.xcconfig */ = {isa = PBXFileReference; includeInIndex = 1; lastKnownFileType = text.xcconfig; name = "Pods-VoiceNowTests.release.xcconfig"; path = "Pods/Target Support Files/Pods-VoiceNowTests/Pods-VoiceNowTests.release.xcconfig"; sourceTree = "<group>"; };
		BDC1F0E46F9AB467BC0A730F /* Pods_VoiceNowUITests.framework */ = {isa = PBXFileReference; explicitFileType = wrapper.framework; includeInIndex = 0; path = Pods_VoiceNowUITests.framework; sourceTree = BUILT_PRODUCTS_DIR; };
		E242E50CFF351A158EF4CBB9 /* Pods_VoiceNowTests.framework */ = {isa = PBXFileReference; explicitFileType = wrapper.framework; includeInIndex = 0; path = Pods_VoiceNowTests.framework; sourceTree = BUILT_PRODUCTS_DIR; };
		EE45DC7222F8E0718B6CF2B0 /* Pods-VoiceNowTests.debug.xcconfig */ = {isa = PBXFileReference; includeInIndex = 1; lastKnownFileType = text.xcconfig; name = "Pods-VoiceNowTests.debug.xcconfig"; path = "Pods/Target Support Files/Pods-VoiceNowTests/Pods-VoiceNowTests.debug.xcconfig"; sourceTree = "<group>"; };
/* End PBXFileReference section */

/* Begin PBXFrameworksBuildPhase section */
		82D4C76B1F3F485D00CC9F83 /* Frameworks */ = {
			isa = PBXFrameworksBuildPhase;
			buildActionMask = 2147483647;
			files = (
				4F92DFDD8587DD352F935159 /* Pods_VoiceNow.framework in Frameworks */,
			);
			runOnlyForDeploymentPostprocessing = 0;
		};
		82D4C77F1F3F485D00CC9F83 /* Frameworks */ = {
			isa = PBXFrameworksBuildPhase;
			buildActionMask = 2147483647;
			files = (
				A9DE2E56DBB31586BB904C19 /* Pods_VoiceNowTests.framework in Frameworks */,
			);
			runOnlyForDeploymentPostprocessing = 0;
		};
		82D4C78A1F3F485D00CC9F83 /* Frameworks */ = {
			isa = PBXFrameworksBuildPhase;
			buildActionMask = 2147483647;
			files = (
				B46ABBC7CD2BE4CC23B4E80B /* Pods_VoiceNowUITests.framework in Frameworks */,
			);
			runOnlyForDeploymentPostprocessing = 0;
		};
/* End PBXFrameworksBuildPhase section */

/* Begin PBXGroup section */
		82CB5C9B1F3F78BE00A45048 /* Fonts */ = {
			isa = PBXGroup;
			children = (
				82CB5C9C1F3F78E800A45048 /* Roboto-Thin.ttf */,
				82CB5C9D1F3F78FA00A45048 /* RobotoCondensed-Light.ttf */,
			);
			name = Fonts;
			sourceTree = "<group>";
		};
		82CB5CA21F3F7AB000A45048 /* Extensions */ = {
			isa = PBXGroup;
			children = (
				82CB5CA31F3F7AC000A45048 /* Blur.swift */,
				82CB5CA51F3F824200A45048 /* HideKeyboard.swift */,
				82CB5CB51F45BB4600A45048 /* TabBarBlurEffect.swift */,
				82CB5CB71F45BB5400A45048 /* NavBarBlurEffect.swift */,
			);
			name = Extensions;
			sourceTree = "<group>";
		};
		82D4C7651F3F485D00CC9F83 = {
			isa = PBXGroup;
			children = (
				82D4C7701F3F485D00CC9F83 /* VoiceNow */,
				82D4C7851F3F485D00CC9F83 /* VoiceNowTests */,
				82D4C7901F3F485D00CC9F83 /* VoiceNowUITests */,
				82D4C76F1F3F485D00CC9F83 /* Products */,
				915054496DB87C5099BAEBB5 /* Pods */,
				8D75391720C9D9801E2D35E8 /* Frameworks */,
			);
			sourceTree = "<group>";
		};
		82D4C76F1F3F485D00CC9F83 /* Products */ = {
			isa = PBXGroup;
			children = (
				82D4C76E1F3F485D00CC9F83 /* VoiceNow.app */,
				82D4C7821F3F485D00CC9F83 /* VoiceNowTests.xctest */,
				82D4C78D1F3F485D00CC9F83 /* VoiceNowUITests.xctest */,
			);
			name = Products;
			sourceTree = "<group>";
		};
		82D4C7701F3F485D00CC9F83 /* VoiceNow */ = {
			isa = PBXGroup;
			children = (
				82CB5CA21F3F7AB000A45048 /* Extensions */,
				82CB5C9B1F3F78BE00A45048 /* Fonts */,
				82D4C7711F3F485D00CC9F83 /* AppDelegate.swift */,
				82CB5CAF1F44764F00A45048 /* VoiceNowProfile.swift */,
				82D4C7731F3F485D00CC9F83 /* Login.swift */,
				82CB5CAD1F44761D00A45048 /* VoiceRecorder.swift */,
				82CB5CAB1F44751D00A45048 /* VoiceNowTabBarController.swift */,
				82CB5CA91F4364F500A45048 /* VoiceList.swift */,
				82D4C79F1F3F4CCC00CC9F83 /* SetupProfile.swift */,
				82D4C7A11F3F4CE600CC9F83 /* CreateAccount.swift */,
				82CB5CBD1F46541400A45048 /* Success.json */,
				82CB5CBB1F464EE400A45048 /* EditButton.json */,
				82CB5CBF1F46561A00A45048 /* data.json */,
				82D4C7751F3F485D00CC9F83 /* Main.storyboard */,
				82D4C7781F3F485D00CC9F83 /* Assets.xcassets */,
				82D4C77A1F3F485D00CC9F83 /* LaunchScreen.storyboard */,
				82D4C77D1F3F485D00CC9F83 /* Info.plist */,
			);
			path = VoiceNow;
			sourceTree = "<group>";
		};
		82D4C7851F3F485D00CC9F83 /* VoiceNowTests */ = {
			isa = PBXGroup;
			children = (
				82D4C7861F3F485D00CC9F83 /* VoiceNowTests.swift */,
				82D4C7881F3F485D00CC9F83 /* Info.plist */,
			);
			path = VoiceNowTests;
			sourceTree = "<group>";
		};
		82D4C7901F3F485D00CC9F83 /* VoiceNowUITests */ = {
			isa = PBXGroup;
			children = (
				82D4C7911F3F485D00CC9F83 /* VoiceNowUITests.swift */,
				82D4C7931F3F485D00CC9F83 /* Info.plist */,
			);
			path = VoiceNowUITests;
			sourceTree = "<group>";
		};
		8D75391720C9D9801E2D35E8 /* Frameworks */ = {
			isa = PBXGroup;
			children = (
				0F0DF525505C35BDB3A42D00 /* Pods_VoiceNow.framework */,
				E242E50CFF351A158EF4CBB9 /* Pods_VoiceNowTests.framework */,
				BDC1F0E46F9AB467BC0A730F /* Pods_VoiceNowUITests.framework */,
			);
			name = Frameworks;
			sourceTree = "<group>";
		};
		915054496DB87C5099BAEBB5 /* Pods */ = {
			isa = PBXGroup;
			children = (
				70CA23C4FFD70956A1A6F359 /* Pods-VoiceNow.debug.xcconfig */,
				89FB1B4937363CF7A51200CF /* Pods-VoiceNow.release.xcconfig */,
				EE45DC7222F8E0718B6CF2B0 /* Pods-VoiceNowTests.debug.xcconfig */,
				BAC23F3F93696E9F84E92871 /* Pods-VoiceNowTests.release.xcconfig */,
				06776300BDC78117AF7712D5 /* Pods-VoiceNowUITests.debug.xcconfig */,
				11A78C89A127179D5E595434 /* Pods-VoiceNowUITests.release.xcconfig */,
			);
			name = Pods;
			sourceTree = "<group>";
		};
/* End PBXGroup section */

/* Begin PBXNativeTarget section */
		82D4C76D1F3F485D00CC9F83 /* VoiceNow */ = {
			isa = PBXNativeTarget;
			buildConfigurationList = 82D4C7961F3F485D00CC9F83 /* Build configuration list for PBXNativeTarget "VoiceNow" */;
			buildPhases = (
				1EC15C5DB589AE370617F61E /* [CP] Check Pods Manifest.lock */,
				82D4C76A1F3F485D00CC9F83 /* Sources */,
				82D4C76B1F3F485D00CC9F83 /* Frameworks */,
				82D4C76C1F3F485D00CC9F83 /* Resources */,
				20F85C44D6BDE9CF14881790 /* [CP] Embed Pods Frameworks */,
				9E5DE9CA534C2A2073DD806A /* [CP] Copy Pods Resources */,
			);
			buildRules = (
			);
			dependencies = (
			);
			name = VoiceNow;
			productName = VoiceNow;
			productReference = 82D4C76E1F3F485D00CC9F83 /* VoiceNow.app */;
			productType = "com.apple.product-type.application";
		};
		82D4C7811F3F485D00CC9F83 /* VoiceNowTests */ = {
			isa = PBXNativeTarget;
			buildConfigurationList = 82D4C7991F3F485D00CC9F83 /* Build configuration list for PBXNativeTarget "VoiceNowTests" */;
			buildPhases = (
				42CB003FC523299F06E4A3C4 /* [CP] Check Pods Manifest.lock */,
				82D4C77E1F3F485D00CC9F83 /* Sources */,
				82D4C77F1F3F485D00CC9F83 /* Frameworks */,
				82D4C7801F3F485D00CC9F83 /* Resources */,
				9C6119EA92D1FFDBAD3E2E85 /* [CP] Embed Pods Frameworks */,
				B9EDF767A8AC9ECB1EF45E8B /* [CP] Copy Pods Resources */,
			);
			buildRules = (
			);
			dependencies = (
				82D4C7841F3F485D00CC9F83 /* PBXTargetDependency */,
			);
			name = VoiceNowTests;
			productName = VoiceNowTests;
			productReference = 82D4C7821F3F485D00CC9F83 /* VoiceNowTests.xctest */;
			productType = "com.apple.product-type.bundle.unit-test";
		};
		82D4C78C1F3F485D00CC9F83 /* VoiceNowUITests */ = {
			isa = PBXNativeTarget;
			buildConfigurationList = 82D4C79C1F3F485D00CC9F83 /* Build configuration list for PBXNativeTarget "VoiceNowUITests" */;
			buildPhases = (
				B5DB7A90F801B768C3AA51A7 /* [CP] Check Pods Manifest.lock */,
				82D4C7891F3F485D00CC9F83 /* Sources */,
				82D4C78A1F3F485D00CC9F83 /* Frameworks */,
				82D4C78B1F3F485D00CC9F83 /* Resources */,
				326E6D3EA2A5836398B89EAC /* [CP] Embed Pods Frameworks */,
				9D2376D1FAA6D96A58F3D073 /* [CP] Copy Pods Resources */,
			);
			buildRules = (
			);
			dependencies = (
				82D4C78F1F3F485D00CC9F83 /* PBXTargetDependency */,
			);
			name = VoiceNowUITests;
			productName = VoiceNowUITests;
			productReference = 82D4C78D1F3F485D00CC9F83 /* VoiceNowUITests.xctest */;
			productType = "com.apple.product-type.bundle.ui-testing";
		};
/* End PBXNativeTarget section */

/* Begin PBXProject section */
		82D4C7661F3F485D00CC9F83 /* Project object */ = {
			isa = PBXProject;
			attributes = {
				LastSwiftUpdateCheck = 0830;
				LastUpgradeCheck = 0830;
				ORGANIZATIONNAME = VoiceNow;
				TargetAttributes = {
					82D4C76D1F3F485D00CC9F83 = {
						CreatedOnToolsVersion = 8.3.3;
						DevelopmentTeam = Q986W5R478;
						ProvisioningStyle = Automatic;
					};
					82D4C7811F3F485D00CC9F83 = {
						CreatedOnToolsVersion = 8.3.3;
						DevelopmentTeam = Q986W5R478;
						ProvisioningStyle = Automatic;
						TestTargetID = 82D4C76D1F3F485D00CC9F83;
					};
					82D4C78C1F3F485D00CC9F83 = {
						CreatedOnToolsVersion = 8.3.3;
						DevelopmentTeam = Q986W5R478;
						ProvisioningStyle = Automatic;
						TestTargetID = 82D4C76D1F3F485D00CC9F83;
					};
				};
			};
			buildConfigurationList = 82D4C7691F3F485D00CC9F83 /* Build configuration list for PBXProject "VoiceNow" */;
			compatibilityVersion = "Xcode 3.2";
			developmentRegion = English;
			hasScannedForEncodings = 0;
			knownRegions = (
				en,
				Base,
			);
			mainGroup = 82D4C7651F3F485D00CC9F83;
			productRefGroup = 82D4C76F1F3F485D00CC9F83 /* Products */;
			projectDirPath = "";
			projectRoot = "";
			targets = (
				82D4C76D1F3F485D00CC9F83 /* VoiceNow */,
				82D4C7811F3F485D00CC9F83 /* VoiceNowTests */,
				82D4C78C1F3F485D00CC9F83 /* VoiceNowUITests */,
			);
		};
/* End PBXProject section */

/* Begin PBXResourcesBuildPhase section */
		82D4C76C1F3F485D00CC9F83 /* Resources */ = {
			isa = PBXResourcesBuildPhase;
			buildActionMask = 2147483647;
			files = (
				82CB5CA11F3F799B00A45048 /* RobotoCondensed-Light.ttf in Resources */,
				82CB5CA01F3F799800A45048 /* Roboto-Thin.ttf in Resources */,
				82CB5C9F1F3F797A00A45048 /* Info.plist in Resources */,
				82D4C77C1F3F485D00CC9F83 /* LaunchScreen.storyboard in Resources */,
				82D4C7791F3F485D00CC9F83 /* Assets.xcassets in Resources */,
				82CB5CBE1F46541400A45048 /* Success.json in Resources */,
				82CB5CBC1F464EE400A45048 /* EditButton.json in Resources */,
				82CB5CC01F46561A00A45048 /* data.json in Resources */,
				82D4C7771F3F485D00CC9F83 /* Main.storyboard in Resources */,
			);
			runOnlyForDeploymentPostprocessing = 0;
		};
		82D4C7801F3F485D00CC9F83 /* Resources */ = {
			isa = PBXResourcesBuildPhase;
			buildActionMask = 2147483647;
			files = (
			);
			runOnlyForDeploymentPostprocessing = 0;
		};
		82D4C78B1F3F485D00CC9F83 /* Resources */ = {
			isa = PBXResourcesBuildPhase;
			buildActionMask = 2147483647;
			files = (
			);
			runOnlyForDeploymentPostprocessing = 0;
		};
/* End PBXResourcesBuildPhase section */

/* Begin PBXShellScriptBuildPhase section */
		1EC15C5DB589AE370617F61E /* [CP] Check Pods Manifest.lock */ = {
			isa = PBXShellScriptBuildPhase;
			buildActionMask = 2147483647;
			files = (
			);
			inputPaths = (
			);
			name = "[CP] Check Pods Manifest.lock";
			outputPaths = (
			);
			runOnlyForDeploymentPostprocessing = 0;
			shellPath = /bin/sh;
			shellScript = "diff \"${PODS_PODFILE_DIR_PATH}/Podfile.lock\" \"${PODS_ROOT}/Manifest.lock\" > /dev/null\nif [ $? != 0 ] ; then\n    # print error to STDERR\n    echo \"error: The sandbox is not in sync with the Podfile.lock. Run 'pod install' or update your CocoaPods installation.\" >&2\n    exit 1\nfi\n";
			showEnvVarsInLog = 0;
		};
		20F85C44D6BDE9CF14881790 /* [CP] Embed Pods Frameworks */ = {
			isa = PBXShellScriptBuildPhase;
			buildActionMask = 2147483647;
			files = (
			);
			inputPaths = (
			);
			name = "[CP] Embed Pods Frameworks";
			outputPaths = (
			);
			runOnlyForDeploymentPostprocessing = 0;
			shellPath = /bin/sh;
			shellScript = "\"${SRCROOT}/Pods/Target Support Files/Pods-VoiceNow/Pods-VoiceNow-frameworks.sh\"\n";
			showEnvVarsInLog = 0;
		};
		326E6D3EA2A5836398B89EAC /* [CP] Embed Pods Frameworks */ = {
			isa = PBXShellScriptBuildPhase;
			buildActionMask = 2147483647;
			files = (
			);
			inputPaths = (
			);
			name = "[CP] Embed Pods Frameworks";
			outputPaths = (
			);
			runOnlyForDeploymentPostprocessing = 0;
			shellPath = /bin/sh;
			shellScript = "\"${SRCROOT}/Pods/Target Support Files/Pods-VoiceNowUITests/Pods-VoiceNowUITests-frameworks.sh\"\n";
			showEnvVarsInLog = 0;
		};
		42CB003FC523299F06E4A3C4 /* [CP] Check Pods Manifest.lock */ = {
			isa = PBXShellScriptBuildPhase;
			buildActionMask = 2147483647;
			files = (
			);
			inputPaths = (
			);
			name = "[CP] Check Pods Manifest.lock";
			outputPaths = (
			);
			runOnlyForDeploymentPostprocessing = 0;
			shellPath = /bin/sh;
			shellScript = "diff \"${PODS_PODFILE_DIR_PATH}/Podfile.lock\" \"${PODS_ROOT}/Manifest.lock\" > /dev/null\nif [ $? != 0 ] ; then\n    # print error to STDERR\n    echo \"error: The sandbox is not in sync with the Podfile.lock. Run 'pod install' or update your CocoaPods installation.\" >&2\n    exit 1\nfi\n";
			showEnvVarsInLog = 0;
		};
		9C6119EA92D1FFDBAD3E2E85 /* [CP] Embed Pods Frameworks */ = {
			isa = PBXShellScriptBuildPhase;
			buildActionMask = 2147483647;
			files = (
			);
			inputPaths = (
			);
			name = "[CP] Embed Pods Frameworks";
			outputPaths = (
			);
			runOnlyForDeploymentPostprocessing = 0;
			shellPath = /bin/sh;
			shellScript = "\"${SRCROOT}/Pods/Target Support Files/Pods-VoiceNowTests/Pods-VoiceNowTests-frameworks.sh\"\n";
			showEnvVarsInLog = 0;
		};
		9D2376D1FAA6D96A58F3D073 /* [CP] Copy Pods Resources */ = {
			isa = PBXShellScriptBuildPhase;
			buildActionMask = 2147483647;
			files = (
			);
			inputPaths = (
			);
			name = "[CP] Copy Pods Resources";
			outputPaths = (
			);
			runOnlyForDeploymentPostprocessing = 0;
			shellPath = /bin/sh;
			shellScript = "\"${SRCROOT}/Pods/Target Support Files/Pods-VoiceNowUITests/Pods-VoiceNowUITests-resources.sh\"\n";
			showEnvVarsInLog = 0;
		};
		9E5DE9CA534C2A2073DD806A /* [CP] Copy Pods Resources */ = {
			isa = PBXShellScriptBuildPhase;
			buildActionMask = 2147483647;
			files = (
			);
			inputPaths = (
			);
			name = "[CP] Copy Pods Resources";
			outputPaths = (
			);
			runOnlyForDeploymentPostprocessing = 0;
			shellPath = /bin/sh;
			shellScript = "\"${SRCROOT}/Pods/Target Support Files/Pods-VoiceNow/Pods-VoiceNow-resources.sh\"\n";
			showEnvVarsInLog = 0;
		};
		B5DB7A90F801B768C3AA51A7 /* [CP] Check Pods Manifest.lock */ = {
			isa = PBXShellScriptBuildPhase;
			buildActionMask = 2147483647;
			files = (
			);
			inputPaths = (
			);
			name = "[CP] Check Pods Manifest.lock";
			outputPaths = (
			);
			runOnlyForDeploymentPostprocessing = 0;
			shellPath = /bin/sh;
			shellScript = "diff \"${PODS_PODFILE_DIR_PATH}/Podfile.lock\" \"${PODS_ROOT}/Manifest.lock\" > /dev/null\nif [ $? != 0 ] ; then\n    # print error to STDERR\n    echo \"error: The sandbox is not in sync with the Podfile.lock. Run 'pod install' or update your CocoaPods installation.\" >&2\n    exit 1\nfi\n";
			showEnvVarsInLog = 0;
		};
		B9EDF767A8AC9ECB1EF45E8B /* [CP] Copy Pods Resources */ = {
			isa = PBXShellScriptBuildPhase;
			buildActionMask = 2147483647;
			files = (
			);
			inputPaths = (
			);
			name = "[CP] Copy Pods Resources";
			outputPaths = (
			);
			runOnlyForDeploymentPostprocessing = 0;
			shellPath = /bin/sh;
			shellScript = "\"${SRCROOT}/Pods/Target Support Files/Pods-VoiceNowTests/Pods-VoiceNowTests-resources.sh\"\n";
			showEnvVarsInLog = 0;
		};
/* End PBXShellScriptBuildPhase section */

/* Begin PBXSourcesBuildPhase section */
		82D4C76A1F3F485D00CC9F83 /* Sources */ = {
			isa = PBXSourcesBuildPhase;
			buildActionMask = 2147483647;
			files = (
				82D4C7741F3F485D00CC9F83 /* Login.swift in Sources */,
				82D4C7A01F3F4CCC00CC9F83 /* SetupProfile.swift in Sources */,
				82CB5CA41F3F7AC000A45048 /* Blur.swift in Sources */,
				82CB5CB61F45BB4600A45048 /* TabBarBlurEffect.swift in Sources */,
				82CB5CAC1F44751D00A45048 /* VoiceNowTabBarController.swift in Sources */,
				82CB5CB81F45BB5400A45048 /* NavBarBlurEffect.swift in Sources */,
				82D4C7721F3F485D00CC9F83 /* AppDelegate.swift in Sources */,
				82CB5CB01F44764F00A45048 /* VoiceNowProfile.swift in Sources */,
				82CB5CA61F3F824200A45048 /* HideKeyboard.swift in Sources */,
				82D4C7A21F3F4CE600CC9F83 /* CreateAccount.swift in Sources */,
				82CB5CAA1F4364F500A45048 /* VoiceList.swift in Sources */,
				82CB5CAE1F44761D00A45048 /* VoiceRecorder.swift in Sources */,
			);
			runOnlyForDeploymentPostprocessing = 0;
		};
		82D4C77E1F3F485D00CC9F83 /* Sources */ = {
			isa = PBXSourcesBuildPhase;
			buildActionMask = 2147483647;
			files = (
				82D4C7871F3F485D00CC9F83 /* VoiceNowTests.swift in Sources */,
			);
			runOnlyForDeploymentPostprocessing = 0;
		};
		82D4C7891F3F485D00CC9F83 /* Sources */ = {
			isa = PBXSourcesBuildPhase;
			buildActionMask = 2147483647;
			files = (
				82D4C7921F3F485D00CC9F83 /* VoiceNowUITests.swift in Sources */,
			);
			runOnlyForDeploymentPostprocessing = 0;
		};
/* End PBXSourcesBuildPhase section */

/* Begin PBXTargetDependency section */
		82D4C7841F3F485D00CC9F83 /* PBXTargetDependency */ = {
			isa = PBXTargetDependency;
			target = 82D4C76D1F3F485D00CC9F83 /* VoiceNow */;
			targetProxy = 82D4C7831F3F485D00CC9F83 /* PBXContainerItemProxy */;
		};
		82D4C78F1F3F485D00CC9F83 /* PBXTargetDependency */ = {
			isa = PBXTargetDependency;
			target = 82D4C76D1F3F485D00CC9F83 /* VoiceNow */;
			targetProxy = 82D4C78E1F3F485D00CC9F83 /* PBXContainerItemProxy */;
		};
/* End PBXTargetDependency section */

/* Begin PBXVariantGroup section */
		82D4C7751F3F485D00CC9F83 /* Main.storyboard */ = {
			isa = PBXVariantGroup;
			children = (
				82D4C7761F3F485D00CC9F83 /* Base */,
			);
			name = Main.storyboard;
			sourceTree = "<group>";
		};
		82D4C77A1F3F485D00CC9F83 /* LaunchScreen.storyboard */ = {
			isa = PBXVariantGroup;
			children = (
				82D4C77B1F3F485D00CC9F83 /* Base */,
			);
			name = LaunchScreen.storyboard;
			sourceTree = "<group>";
		};
/* End PBXVariantGroup section */

/* Begin XCBuildConfiguration section */
		82D4C7941F3F485D00CC9F83 /* Debug */ = {
			isa = XCBuildConfiguration;
			buildSettings = {
				ALWAYS_SEARCH_USER_PATHS = NO;
				CLANG_ANALYZER_NONNULL = YES;
				CLANG_ANALYZER_NUMBER_OBJECT_CONVERSION = YES_AGGRESSIVE;
				CLANG_CXX_LANGUAGE_STANDARD = "gnu++0x";
				CLANG_CXX_LIBRARY = "libc++";
				CLANG_ENABLE_MODULES = YES;
				CLANG_ENABLE_OBJC_ARC = YES;
				CLANG_WARN_BOOL_CONVERSION = YES;
				CLANG_WARN_CONSTANT_CONVERSION = YES;
				CLANG_WARN_DIRECT_OBJC_ISA_USAGE = YES_ERROR;
				CLANG_WARN_DOCUMENTATION_COMMENTS = YES;
				CLANG_WARN_EMPTY_BODY = YES;
				CLANG_WARN_ENUM_CONVERSION = YES;
				CLANG_WARN_INFINITE_RECURSION = YES;
				CLANG_WARN_INT_CONVERSION = YES;
				CLANG_WARN_OBJC_ROOT_CLASS = YES_ERROR;
				CLANG_WARN_SUSPICIOUS_MOVE = YES;
				CLANG_WARN_UNREACHABLE_CODE = YES;
				CLANG_WARN__DUPLICATE_METHOD_MATCH = YES;
				"CODE_SIGN_IDENTITY[sdk=iphoneos*]" = "iPhone Developer";
				COPY_PHASE_STRIP = NO;
				DEBUG_INFORMATION_FORMAT = dwarf;
				ENABLE_STRICT_OBJC_MSGSEND = YES;
				ENABLE_TESTABILITY = YES;
				GCC_C_LANGUAGE_STANDARD = gnu99;
				GCC_DYNAMIC_NO_PIC = NO;
				GCC_NO_COMMON_BLOCKS = YES;
				GCC_OPTIMIZATION_LEVEL = 0;
				GCC_PREPROCESSOR_DEFINITIONS = (
					"DEBUG=1",
					"$(inherited)",
				);
				GCC_WARN_64_TO_32_BIT_CONVERSION = YES;
				GCC_WARN_ABOUT_RETURN_TYPE = YES_ERROR;
				GCC_WARN_UNDECLARED_SELECTOR = YES;
				GCC_WARN_UNINITIALIZED_AUTOS = YES_AGGRESSIVE;
				GCC_WARN_UNUSED_FUNCTION = YES;
				GCC_WARN_UNUSED_VARIABLE = YES;
				IPHONEOS_DEPLOYMENT_TARGET = 10.3;
				MTL_ENABLE_DEBUG_INFO = YES;
				ONLY_ACTIVE_ARCH = YES;
				SDKROOT = iphoneos;
				SWIFT_ACTIVE_COMPILATION_CONDITIONS = DEBUG;
				SWIFT_OPTIMIZATION_LEVEL = "-Onone";
				TARGETED_DEVICE_FAMILY = "1,2";
			};
			name = Debug;
		};
		82D4C7951F3F485D00CC9F83 /* Release */ = {
			isa = XCBuildConfiguration;
			buildSettings = {
				ALWAYS_SEARCH_USER_PATHS = NO;
				CLANG_ANALYZER_NONNULL = YES;
				CLANG_ANALYZER_NUMBER_OBJECT_CONVERSION = YES_AGGRESSIVE;
				CLANG_CXX_LANGUAGE_STANDARD = "gnu++0x";
				CLANG_CXX_LIBRARY = "libc++";
				CLANG_ENABLE_MODULES = YES;
				CLANG_ENABLE_OBJC_ARC = YES;
				CLANG_WARN_BOOL_CONVERSION = YES;
				CLANG_WARN_CONSTANT_CONVERSION = YES;
				CLANG_WARN_DIRECT_OBJC_ISA_USAGE = YES_ERROR;
				CLANG_WARN_DOCUMENTATION_COMMENTS = YES;
				CLANG_WARN_EMPTY_BODY = YES;
				CLANG_WARN_ENUM_CONVERSION = YES;
				CLANG_WARN_INFINITE_RECURSION = YES;
				CLANG_WARN_INT_CONVERSION = YES;
				CLANG_WARN_OBJC_ROOT_CLASS = YES_ERROR;
				CLANG_WARN_SUSPICIOUS_MOVE = YES;
				CLANG_WARN_UNREACHABLE_CODE = YES;
				CLANG_WARN__DUPLICATE_METHOD_MATCH = YES;
				"CODE_SIGN_IDENTITY[sdk=iphoneos*]" = "iPhone Developer";
				COPY_PHASE_STRIP = NO;
				DEBUG_INFORMATION_FORMAT = "dwarf-with-dsym";
				ENABLE_NS_ASSERTIONS = NO;
				ENABLE_STRICT_OBJC_MSGSEND = YES;
				GCC_C_LANGUAGE_STANDARD = gnu99;
				GCC_NO_COMMON_BLOCKS = YES;
				GCC_WARN_64_TO_32_BIT_CONVERSION = YES;
				GCC_WARN_ABOUT_RETURN_TYPE = YES_ERROR;
				GCC_WARN_UNDECLARED_SELECTOR = YES;
				GCC_WARN_UNINITIALIZED_AUTOS = YES_AGGRESSIVE;
				GCC_WARN_UNUSED_FUNCTION = YES;
				GCC_WARN_UNUSED_VARIABLE = YES;
				IPHONEOS_DEPLOYMENT_TARGET = 10.3;
				MTL_ENABLE_DEBUG_INFO = NO;
				SDKROOT = iphoneos;
				SWIFT_OPTIMIZATION_LEVEL = "-Owholemodule";
				TARGETED_DEVICE_FAMILY = "1,2";
				VALIDATE_PRODUCT = YES;
			};
			name = Release;
		};
		82D4C7971F3F485D00CC9F83 /* Debug */ = {
			isa = XCBuildConfiguration;
			baseConfigurationReference = 70CA23C4FFD70956A1A6F359 /* Pods-VoiceNow.debug.xcconfig */;
			buildSettings = {
				ASSETCATALOG_COMPILER_APPICON_NAME = AppIcon;
				DEVELOPMENT_TEAM = Q986W5R478;
				INFOPLIST_FILE = VoiceNow/Info.plist;
				LD_RUNPATH_SEARCH_PATHS = "$(inherited) @executable_path/Frameworks";
				PRODUCT_BUNDLE_IDENTIFIER = VN.VoiceNow;
				PRODUCT_NAME = "$(TARGET_NAME)";
				SWIFT_VERSION = 3.0;
			};
			name = Debug;
		};
		82D4C7981F3F485D00CC9F83 /* Release */ = {
			isa = XCBuildConfiguration;
			baseConfigurationReference = 89FB1B4937363CF7A51200CF /* Pods-VoiceNow.release.xcconfig */;
			buildSettings = {
				ASSETCATALOG_COMPILER_APPICON_NAME = AppIcon;
				DEVELOPMENT_TEAM = Q986W5R478;
				INFOPLIST_FILE = VoiceNow/Info.plist;
				LD_RUNPATH_SEARCH_PATHS = "$(inherited) @executable_path/Frameworks";
				PRODUCT_BUNDLE_IDENTIFIER = VN.VoiceNow;
				PRODUCT_NAME = "$(TARGET_NAME)";
				SWIFT_VERSION = 3.0;
			};
			name = Release;
		};
		82D4C79A1F3F485D00CC9F83 /* Debug */ = {
			isa = XCBuildConfiguration;
			baseConfigurationReference = EE45DC7222F8E0718B6CF2B0 /* Pods-VoiceNowTests.debug.xcconfig */;
			buildSettings = {
				ALWAYS_EMBED_SWIFT_STANDARD_LIBRARIES = YES;
				BUNDLE_LOADER = "$(TEST_HOST)";
				DEVELOPMENT_TEAM = Q986W5R478;
				INFOPLIST_FILE = VoiceNowTests/Info.plist;
				LD_RUNPATH_SEARCH_PATHS = "$(inherited) @executable_path/Frameworks @loader_path/Frameworks";
				PRODUCT_BUNDLE_IDENTIFIER = VN.VoiceNowTests;
				PRODUCT_NAME = "$(TARGET_NAME)";
				SWIFT_VERSION = 3.0;
				TEST_HOST = "$(BUILT_PRODUCTS_DIR)/VoiceNow.app/VoiceNow";
			};
			name = Debug;
		};
		82D4C79B1F3F485D00CC9F83 /* Release */ = {
			isa = XCBuildConfiguration;
			baseConfigurationReference = BAC23F3F93696E9F84E92871 /* Pods-VoiceNowTests.release.xcconfig */;
			buildSettings = {
				ALWAYS_EMBED_SWIFT_STANDARD_LIBRARIES = YES;
				BUNDLE_LOADER = "$(TEST_HOST)";
				DEVELOPMENT_TEAM = Q986W5R478;
				INFOPLIST_FILE = VoiceNowTests/Info.plist;
				LD_RUNPATH_SEARCH_PATHS = "$(inherited) @executable_path/Frameworks @loader_path/Frameworks";
				PRODUCT_BUNDLE_IDENTIFIER = VN.VoiceNowTests;
				PRODUCT_NAME = "$(TARGET_NAME)";
				SWIFT_VERSION = 3.0;
				TEST_HOST = "$(BUILT_PRODUCTS_DIR)/VoiceNow.app/VoiceNow";
			};
			name = Release;
		};
		82D4C79D1F3F485D00CC9F83 /* Debug */ = {
			isa = XCBuildConfiguration;
			baseConfigurationReference = 06776300BDC78117AF7712D5 /* Pods-VoiceNowUITests.debug.xcconfig */;
			buildSettings = {
				ALWAYS_EMBED_SWIFT_STANDARD_LIBRARIES = YES;
				DEVELOPMENT_TEAM = Q986W5R478;
				INFOPLIST_FILE = VoiceNowUITests/Info.plist;
				LD_RUNPATH_SEARCH_PATHS = "$(inherited) @executable_path/Frameworks @loader_path/Frameworks";
				PRODUCT_BUNDLE_IDENTIFIER = VN.VoiceNowUITests;
				PRODUCT_NAME = "$(TARGET_NAME)";
				SWIFT_VERSION = 3.0;
				TEST_TARGET_NAME = VoiceNow;
			};
			name = Debug;
		};
		82D4C79E1F3F485D00CC9F83 /* Release */ = {
			isa = XCBuildConfiguration;
			baseConfigurationReference = 11A78C89A127179D5E595434 /* Pods-VoiceNowUITests.release.xcconfig */;
			buildSettings = {
				ALWAYS_EMBED_SWIFT_STANDARD_LIBRARIES = YES;
				DEVELOPMENT_TEAM = Q986W5R478;
				INFOPLIST_FILE = VoiceNowUITests/Info.plist;
				LD_RUNPATH_SEARCH_PATHS = "$(inherited) @executable_path/Frameworks @loader_path/Frameworks";
				PRODUCT_BUNDLE_IDENTIFIER = VN.VoiceNowUITests;
				PRODUCT_NAME = "$(TARGET_NAME)";
				SWIFT_VERSION = 3.0;
				TEST_TARGET_NAME = VoiceNow;
			};
			name = Release;
		};
/* End XCBuildConfiguration section */

/* Begin XCConfigurationList section */
		82D4C7691F3F485D00CC9F83 /* Build configuration list for PBXProject "VoiceNow" */ = {
			isa = XCConfigurationList;
			buildConfigurations = (
				82D4C7941F3F485D00CC9F83 /* Debug */,
				82D4C7951F3F485D00CC9F83 /* Release */,
			);
			defaultConfigurationIsVisible = 0;
			defaultConfigurationName = Release;
		};
		82D4C7961F3F485D00CC9F83 /* Build configuration list for PBXNativeTarget "VoiceNow" */ = {
			isa = XCConfigurationList;
			buildConfigurations = (
				82D4C7971F3F485D00CC9F83 /* Debug */,
				82D4C7981F3F485D00CC9F83 /* Release */,
			);
			defaultConfigurationIsVisible = 0;
			defaultConfigurationName = Release;
		};
		82D4C7991F3F485D00CC9F83 /* Build configuration list for PBXNativeTarget "VoiceNowTests" */ = {
			isa = XCConfigurationList;
			buildConfigurations = (
				82D4C79A1F3F485D00CC9F83 /* Debug */,
				82D4C79B1F3F485D00CC9F83 /* Release */,
			);
			defaultConfigurationIsVisible = 0;
			defaultConfigurationName = Release;
		};
		82D4C79C1F3F485D00CC9F83 /* Build configuration list for PBXNativeTarget "VoiceNowUITests" */ = {
			isa = XCConfigurationList;
			buildConfigurations = (
				82D4C79D1F3F485D00CC9F83 /* Debug */,
				82D4C79E1F3F485D00CC9F83 /* Release */,
			);
			defaultConfigurationIsVisible = 0;
			defaultConfigurationName = Release;
		};
/* End XCConfigurationList section */
	};
	rootObject = 82D4C7661F3F485D00CC9F83 /* Project object */;
}
